
Microsoft Visual Studio Solution File, Format Version 12.00
# Visual Studio Version 17
VisualStudioVersion = 17.10.35004.147
MinimumVisualStudioVersion = 10.0.40219.1
Project("{FAE04EC0-301F-11D3-BF4B-00C04F79EFBC}") = "APINET_T26", "APINET_T26.csproj", "{A44960B6-4059-4DFC-BE80-4D4719816A3E}"
EndProject
Global
	GlobalSection(SolutionConfigurationPlatforms) = preSolution
		Debug|Any CPU = Debug|Any CPU
		Release|Any CPU = Release|Any CPU
	EndGlobalSection
	GlobalSection(ProjectConfigurationPlatforms) = postSolution
		{A44960B6-4059-4DFC-BE80-4D4719816A3E}.Debug|Any CPU.ActiveCfg = Debug|Any CPU
		{A44960B6-4059-4DFC-BE80-4D4719816A3E}.Debug|Any CPU.Build.0 = Debug|Any CPU
		{A44960B6-4059-4DFC-BE80-4D4719816A3E}.Release|Any CPU.ActiveCfg = Release|Any CPU
		{A44960B6-4059-4DFC-BE80-4D4719816A3E}.Release|Any CPU.Build.0 = Release|Any CPU
	EndGlobalSection
	GlobalSection(SolutionProperties) = preSolution
		HideSolutionNode = FALSE
	EndGlobalSection
	GlobalSection(ExtensibilityGlobals) = postSolution
		SolutionGuid = {FBA34B22-1766-4DB0-9D59-EE8D87E0EB3B}
	EndGlobalSection
EndGlobal
